
Microsoft Visual Studio Solution File, Format Version 12.00
# Visual Studio Version 16
VisualStudioVersion = 16.0.32002.261
MinimumVisualStudioVersion = 10.0.40219.1
Project("{FAE04EC0-301F-11D3-BF4B-00C04F79EFBC}") = "DiceGame", "DiceGame\DiceGame.csproj", "{473BEB17-A6EC-4DA8-9B02-A825D09E316E}"
EndProject
Global
	GlobalSection(SolutionConfigurationPlatforms) = preSolution
		Debug|Any CPU = Debug|Any CPU
		Release|Any CPU = Release|Any CPU
	EndGlobalSection
	GlobalSection(ProjectConfigurationPlatforms) = postSolution
		{473BEB17-A6EC-4DA8-9B02-A825D09E316E}.Debug|Any CPU.ActiveCfg = Debug|Any CPU
		{473BEB17-A6EC-4DA8-9B02-A825D09E316E}.Debug|Any CPU.Build.0 = Debug|Any CPU
		{473BEB17-A6EC-4DA8-9B02-A825D09E316E}.Release|Any CPU.ActiveCfg = Release|Any CPU
		{473BEB17-A6EC-4DA8-9B02-A825D09E316E}.Release|Any CPU.Build.0 = Release|Any CPU
	EndGlobalSection
	GlobalSection(SolutionProperties) = preSolution
		HideSolutionNode = FALSE
	EndGlobalSection
	GlobalSection(ExtensibilityGlobals) = postSolution
		SolutionGuid = {1078E547-2A08-4403-AD1B-42F1C00A9A3C}
	EndGlobalSection
EndGlobal
